{
  "version": 4,
  "terraform_version": "1.14.5",
  "serial": 1,
  "lineage": "71338d49-6aa9-4c55-8dcd-f52d03dec702",
  "outputs": {},
  "resources": [
    {
      "module": "module.azure_resource_groups",
      "mode": "managed",
      "type": "azurerm_resource_group",
      "name": "rg",
      "provider": "provider[\"registry.terraform.io/hashicorp/azurerm\"]",
      "instances": [
        {
          "schema_version": 0,
          "attributes": {
            "id": "/subscriptions/44d29901-43e4-43f1-b207-3c9f043349ea/resourceGroups/var.resource_group_name",
            "location": "centralindia",
            "managed_by": "",
            "name": "var.resource_group_name",
            "tags": null,
            "timeouts": null
          },
          "sensitive_attributes": [],
          "identity_schema_version": 0,
          "private": "eyJlMmJmYjczMC1lY2FhLTExZTYtOGY4OC0zNDM2M2JjN2M0YzAiOnsiY3JlYXRlIjo1NDAwMDAwMDAwMDAwLCJkZWxldGUiOjU0MDAwMDAwMDAwMDAsInJlYWQiOjMwMDAwMDAwMDAwMCwidXBkYXRlIjo1NDAwMDAwMDAwMDAwfX0="
        }
      ]
    }
  ],
  "check_results": null
}
